
Microsoft Visual Studio Solution File, Format Version 12.00
# Visual Studio Version 17
VisualStudioVersion = 17.3.32922.545
MinimumVisualStudioVersion = 10.0.40219.1
Project("{FAE04EC0-301F-11D3-BF4B-00C04F79EFBC}") = "ToyRobot.Engine", "ToyRobot.Engine\ToyRobot.Engine.csproj", "{8D28B21A-F08D-41D0-AFBE-01D0A621146C}"
EndProject
Project("{FAE04EC0-301F-11D3-BF4B-00C04F79EFBC}") = "ToyRobot.Simulator", "ToyRobot.Simulator\ToyRobot.Simulator.csproj", "{4EB11670-5120-4AF0-9CB7-C388365BA404}"
EndProject
Project("{FAE04EC0-301F-11D3-BF4B-00C04F79EFBC}") = "ToyRobot.Engine.Test", "ToyRobot.Engine.Test\ToyRobot.Engine.Test.csproj", "{843D7B57-3FEB-4329-9225-5B43E0ACD791}"
EndProject
Global
	GlobalSection(SolutionConfigurationPlatforms) = preSolution
		Debug|Any CPU = Debug|Any CPU
		Release|Any CPU = Release|Any CPU
	EndGlobalSection
	GlobalSection(ProjectConfigurationPlatforms) = postSolution
		{8D28B21A-F08D-41D0-AFBE-01D0A621146C}.Debug|Any CPU.ActiveCfg = Debug|Any CPU
		{8D28B21A-F08D-41D0-AFBE-01D0A621146C}.Debug|Any CPU.Build.0 = Debug|Any CPU
		{8D28B21A-F08D-41D0-AFBE-01D0A621146C}.Release|Any CPU.ActiveCfg = Release|Any CPU
		{8D28B21A-F08D-41D0-AFBE-01D0A621146C}.Release|Any CPU.Build.0 = Release|Any CPU
		{4EB11670-5120-4AF0-9CB7-C388365BA404}.Debug|Any CPU.ActiveCfg = Debug|Any CPU
		{4EB11670-5120-4AF0-9CB7-C388365BA404}.Debug|Any CPU.Build.0 = Debug|Any CPU
		{4EB11670-5120-4AF0-9CB7-C388365BA404}.Release|Any CPU.ActiveCfg = Release|Any CPU
		{4EB11670-5120-4AF0-9CB7-C388365BA404}.Release|Any CPU.Build.0 = Release|Any CPU
		{843D7B57-3FEB-4329-9225-5B43E0ACD791}.Debug|Any CPU.ActiveCfg = Debug|Any CPU
		{843D7B57-3FEB-4329-9225-5B43E0ACD791}.Debug|Any CPU.Build.0 = Debug|Any CPU
		{843D7B57-3FEB-4329-9225-5B43E0ACD791}.Release|Any CPU.ActiveCfg = Release|Any CPU
		{843D7B57-3FEB-4329-9225-5B43E0ACD791}.Release|Any CPU.Build.0 = Release|Any CPU
	EndGlobalSection
	GlobalSection(SolutionProperties) = preSolution
		HideSolutionNode = FALSE
	EndGlobalSection
	GlobalSection(ExtensibilityGlobals) = postSolution
		SolutionGuid = {73DC3785-6D5C-42CA-A616-E4A9BB7CA67A}
	EndGlobalSection
EndGlobal
